
Microsoft Visual Studio Solution File, Format Version 12.00
# Visual Studio 2015
Project("{FAE04EC0-301F-11D3-BF4B-00C04F79EFBC}") = "Creative Computing Geography Quiz.CSharp", "Creative Computing Geography Quiz.CSharp.csproj", "{03F66E5E-32F5-3E18-C0F6-8E25746192F2}"
EndProject
Project("{FAE04EC0-301F-11D3-BF4B-00C04F79EFBC}") = "Creative Computing Geography Quiz.CSharp.Editor", "Creative Computing Geography Quiz.CSharp.Editor.csproj", "{D6AB371B-276A-037C-2353-B89AF7C21CE8}"
EndProject
Global
	GlobalSection(SolutionConfigurationPlatforms) = preSolution
		Debug|Any CPU = Debug|Any CPU
		Release|Any CPU = Release|Any CPU
	EndGlobalSection
	GlobalSection(ProjectConfigurationPlatforms) = postSolution
		{03F66E5E-32F5-3E18-C0F6-8E25746192F2}.Debug|Any CPU.ActiveCfg = Debug|Any CPU
		{03F66E5E-32F5-3E18-C0F6-8E25746192F2}.Debug|Any CPU.Build.0 = Debug|Any CPU
		{03F66E5E-32F5-3E18-C0F6-8E25746192F2}.Release|Any CPU.ActiveCfg = Release|Any CPU
		{03F66E5E-32F5-3E18-C0F6-8E25746192F2}.Release|Any CPU.Build.0 = Release|Any CPU
		{D6AB371B-276A-037C-2353-B89AF7C21CE8}.Debug|Any CPU.ActiveCfg = Debug|Any CPU
		{D6AB371B-276A-037C-2353-B89AF7C21CE8}.Debug|Any CPU.Build.0 = Debug|Any CPU
		{D6AB371B-276A-037C-2353-B89AF7C21CE8}.Release|Any CPU.ActiveCfg = Release|Any CPU
		{D6AB371B-276A-037C-2353-B89AF7C21CE8}.Release|Any CPU.Build.0 = Release|Any CPU
	EndGlobalSection
	GlobalSection(SolutionProperties) = preSolution
		HideSolutionNode = FALSE
	EndGlobalSection
EndGlobal
